Microsoft Visual Studio Solution File, Format Version 11.00
# Visual Studio 2008

Project("{FCC7D91F-208B-817F-3E98-D736E87E5D8D}") = "By the Book", "Assembly-CSharp-vs.csproj", "{81A993B9-D76E-C8CF-8D90-37FA89496C23}"
EndProject
Project("{FCC7D91F-208B-817F-3E98-D736E87E5D8D}") = "By the Book", "Assembly-CSharp-Editor-vs.csproj", "{F505263D-10F9-40C6-FE66-127E318175DB}"
EndProject
Global
	GlobalSection(SolutionConfigurationPlatforms) = preSolution
		Debug|Any CPU = Debug|Any CPU
		Release|Any CPU = Release|Any CPU
	EndGlobalSection
	GlobalSection(ProjectConfigurationPlatforms) = postSolution
		{81A993B9-D76E-C8CF-8D90-37FA89496C23}.Debug|Any CPU.ActiveCfg = Debug|Any CPU
		{81A993B9-D76E-C8CF-8D90-37FA89496C23}.Debug|Any CPU.Build.0 = Debug|Any CPU
		{81A993B9-D76E-C8CF-8D90-37FA89496C23}.Release|Any CPU.ActiveCfg = Release|Any CPU
		{81A993B9-D76E-C8CF-8D90-37FA89496C23}.Release|Any CPU.Build.0 = Release|Any CPU
		{F505263D-10F9-40C6-FE66-127E318175DB}.Debug|Any CPU.ActiveCfg = Debug|Any CPU
		{F505263D-10F9-40C6-FE66-127E318175DB}.Debug|Any CPU.Build.0 = Debug|Any CPU
		{F505263D-10F9-40C6-FE66-127E318175DB}.Release|Any CPU.ActiveCfg = Release|Any CPU
		{F505263D-10F9-40C6-FE66-127E318175DB}.Release|Any CPU.Build.0 = Release|Any CPU
	EndGlobalSection
	GlobalSection(SolutionProperties) = preSolution
		HideSolutionNode = FALSE
	EndGlobalSection
																																															GlobalSection(MonoDevelopProperties) = preSolution
		StartupItem = Assembly-CSharp.csproj
		Policies = $0
		$0.TextStylePolicy = $1
		$1.inheritsSet = null
		$1.scope = text/x-csharp
		$0.CSharpFormattingPolicy = $2
		$2.inheritsSet = Mono
		$2.inheritsScope = text/x-csharp
		$2.scope = text/x-csharp
		$0.TextStylePolicy = $3
		$3.FileWidth = 120
		$3.TabWidth = 4
		$3.IndentWidth = 4
		$3.EolMarker = Unix
		$3.inheritsSet = Mono
		$3.inheritsScope = text/plain
		$3.scope = text/plain
	EndGlobalSection

EndGlobal
